
Microsoft Visual Studio Solution File, Format Version 12.00
# Visual Studio Version 16
VisualStudioVersion = 16.0.29721.120
MinimumVisualStudioVersion = 10.0.40219.1
Project("{9A19103F-16F7-4668-BE54-9A1E7A4F7556}") = "FluentDecorator", "FluentDecorator\FluentDecorator.csproj", "{2FFB482C-DC16-498B-BD3F-17B5EE0D1691}"
EndProject
Project("{9A19103F-16F7-4668-BE54-9A1E7A4F7556}") = "FluentDecoratorBlazor", "FluentDecoratorBlazor\FluentDecoratorBlazor.csproj", "{46DC013C-1697-4C60-80CF-4FDDBD8484F9}"
EndProject
Project("{9A19103F-16F7-4668-BE54-9A1E7A4F7556}") = "FluentDecoratorTest", "FluentDecoratorTest\FluentDecoratorTest.csproj", "{D33FD123-0AA3-40AC-83DD-ACA9937BEF64}"
EndProject
Global
	GlobalSection(SolutionConfigurationPlatforms) = preSolution
		Debug|Any CPU = Debug|Any CPU
		Release|Any CPU = Release|Any CPU
	EndGlobalSection
	GlobalSection(ProjectConfigurationPlatforms) = postSolution
		{2FFB482C-DC16-498B-BD3F-17B5EE0D1691}.Debug|Any CPU.ActiveCfg = Debug|Any CPU
		{2FFB482C-DC16-498B-BD3F-17B5EE0D1691}.Debug|Any CPU.Build.0 = Debug|Any CPU
		{2FFB482C-DC16-498B-BD3F-17B5EE0D1691}.Release|Any CPU.ActiveCfg = Release|Any CPU
		{2FFB482C-DC16-498B-BD3F-17B5EE0D1691}.Release|Any CPU.Build.0 = Release|Any CPU
		{46DC013C-1697-4C60-80CF-4FDDBD8484F9}.Debug|Any CPU.ActiveCfg = Debug|Any CPU
		{46DC013C-1697-4C60-80CF-4FDDBD8484F9}.Debug|Any CPU.Build.0 = Debug|Any CPU
		{46DC013C-1697-4C60-80CF-4FDDBD8484F9}.Release|Any CPU.ActiveCfg = Release|Any CPU
		{46DC013C-1697-4C60-80CF-4FDDBD8484F9}.Release|Any CPU.Build.0 = Release|Any CPU
		{D33FD123-0AA3-40AC-83DD-ACA9937BEF64}.Debug|Any CPU.ActiveCfg = Debug|Any CPU
		{D33FD123-0AA3-40AC-83DD-ACA9937BEF64}.Debug|Any CPU.Build.0 = Debug|Any CPU
		{D33FD123-0AA3-40AC-83DD-ACA9937BEF64}.Release|Any CPU.ActiveCfg = Release|Any CPU
		{D33FD123-0AA3-40AC-83DD-ACA9937BEF64}.Release|Any CPU.Build.0 = Release|Any CPU
	EndGlobalSection
	GlobalSection(SolutionProperties) = preSolution
		HideSolutionNode = FALSE
	EndGlobalSection
	GlobalSection(ExtensibilityGlobals) = postSolution
		SolutionGuid = {4ABD2A99-A28F-4C16-87CA-B6A7347A928E}
	EndGlobalSection
EndGlobal
